// !$*UTF8*$!
{
	archiveVersion = 1;
	classes = {
	};
	objectVersion = 46;
	objects = {

/* Begin PBXBuildFile section */
		7D7B82B31F9D00F5001DD42B /* CollectionViewRadioButton.swift in Sources */ = {isa = PBXBuildFile; fileRef = 7D7B82B21F9D00F5001DD42B /* CollectionViewRadioButton.swift */; };
		7DEBD0981F6DDAD800842E2A /* AppDelegate.swift in Sources */ = {isa = PBXBuildFile; fileRef = 7DEBD0971F6DDAD800842E2A /* AppDelegate.swift */; };
		7DEBD09F1F6DDAD800842E2A /* Assets.xcassets in Resources */ = {isa = PBXBuildFile; fileRef = 7DEBD09E1F6DDAD800842E2A /* Assets.xcassets */; };
		7DEBD0A21F6DDAD800842E2A /* LaunchScreen.storyboard in Resources */ = {isa = PBXBuildFile; fileRef = 7DEBD0A01F6DDAD800842E2A /* LaunchScreen.storyboard */; };
		7DEBD0AA1F6DE2A800842E2A /* InitialViewController.swift in Sources */ = {isa = PBXBuildFile; fileRef = 7DEBD0A91F6DE2A800842E2A /* InitialViewController.swift */; };
		7DEBD0AE1F6E029000842E2A /* Realm.framework in Frameworks */ = {isa = PBXBuildFile; fileRef = 7DEBD0AD1F6E029000842E2A /* Realm.framework */; };
		7DEBD0AF1F6E029000842E2A /* Realm.framework in Embed Frameworks */ = {isa = PBXBuildFile; fileRef = 7DEBD0AD1F6E029000842E2A /* Realm.framework */; settings = {ATTRIBUTES = (CodeSignOnCopy, RemoveHeadersOnCopy, ); }; };
		7DEBD0B21F6E029A00842E2A /* RealmSwift.framework in Frameworks */ = {isa = PBXBuildFile; fileRef = 7DEBD0B11F6E029A00842E2A /* RealmSwift.framework */; };
		7DEBD0B31F6E029A00842E2A /* RealmSwift.framework in Embed Frameworks */ = {isa = PBXBuildFile; fileRef = 7DEBD0B11F6E029A00842E2A /* RealmSwift.framework */; settings = {ATTRIBUTES = (CodeSignOnCopy, RemoveHeadersOnCopy, ); }; };
		7DEBD0B51F6E031C00842E2A /* RaptorNestActivity.swift in Sources */ = {isa = PBXBuildFile; fileRef = 7DEBD0B41F6E031C00842E2A /* RaptorNestActivity.swift */; };
		7DEBD0BA1F6EE00C00842E2A /* DataEntryCellType.swift in Sources */ = {isa = PBXBuildFile; fileRef = 7DEBD0B91F6EE00C00842E2A /* DataEntryCellType.swift */; };
		7DEBD0BC1F6F233D00842E2A /* DataEntryTableViewController.swift in Sources */ = {isa = PBXBuildFile; fileRef = 7DEBD0BB1F6F233D00842E2A /* DataEntryTableViewController.swift */; };
		7DEBD0BE1F6F26D300842E2A /* DataEntryTablePresenter.swift in Sources */ = {isa = PBXBuildFile; fileRef = 7DEBD0BD1F6F26D300842E2A /* DataEntryTablePresenter.swift */; };
		7DEBD0C01F6F27F100842E2A /* SwitchEntryCell.swift in Sources */ = {isa = PBXBuildFile; fileRef = 7DEBD0BF1F6F27F100842E2A /* SwitchEntryCell.swift */; };
		7DEBD0C31F6F281000842E2A /* TextEntryCell.swift in Sources */ = {isa = PBXBuildFile; fileRef = 7DEBD0C21F6F281000842E2A /* TextEntryCell.swift */; };
		7DEBD0C51F6F282700842E2A /* LocationEntryCell.swift in Sources */ = {isa = PBXBuildFile; fileRef = 7DEBD0C41F6F282700842E2A /* LocationEntryCell.swift */; };
		7DEBD0C71F6F284D00842E2A /* RadioButtonEntryCell.swift in Sources */ = {isa = PBXBuildFile; fileRef = 7DEBD0C61F6F284D00842E2A /* RadioButtonEntryCell.swift */; };
		7DEBD0C91F6F285600842E2A /* NumberEntryCell.swift in Sources */ = {isa = PBXBuildFile; fileRef = 7DEBD0C81F6F285600842E2A /* NumberEntryCell.swift */; };
		7DEBD0CB1F6F299200842E2A /* SubdatumSegueCell.swift in Sources */ = {isa = PBXBuildFile; fileRef = 7DEBD0CA1F6F299200842E2A /* SubdatumSegueCell.swift */; };
		7DEBD0D11F785B4700842E2A /* Main.storyboard in Resources */ = {isa = PBXBuildFile; fileRef = 7DEBD0D01F785B4700842E2A /* Main.storyboard */; };
		7DEBD0D91F79D72E00842E2A /* CommonData.swift in Sources */ = {isa = PBXBuildFile; fileRef = 7DEBD0D81F79D72E00842E2A /* CommonData.swift */; };
		7DEBD0DB1F7AB91400842E2A /* AvailableModels.swift in Sources */ = {isa = PBXBuildFile; fileRef = 7DEBD0DA1F7AB91400842E2A /* AvailableModels.swift */; };
		7DEBD0EE1F7EAEED00842E2A /* Nimble.framework in Frameworks */ = {isa = PBXBuildFile; fileRef = 7DEBD0EC1F7EAEED00842E2A /* Nimble.framework */; };
		7DEBD0EF1F7EAEED00842E2A /* Quick.framework in Frameworks */ = {isa = PBXBuildFile; fileRef = 7DEBD0ED1F7EAEED00842E2A /* Quick.framework */; };
		7DEBD0F31F7EAF1E00842E2A /* Nimble.framework in CopyFiles */ = {isa = PBXBuildFile; fileRef = 7DEBD0F11F7EAF1E00842E2A /* Nimble.framework */; settings = {ATTRIBUTES = (CodeSignOnCopy, RemoveHeadersOnCopy, ); }; };
		7DEBD0F41F7EAF1E00842E2A /* Quick.framework in CopyFiles */ = {isa = PBXBuildFile; fileRef = 7DEBD0F21F7EAF1E00842E2A /* Quick.framework */; settings = {ATTRIBUTES = (CodeSignOnCopy, RemoveHeadersOnCopy, ); }; };
		7DEBD0F61F7EB59900842E2A /* DataEntryCellTypeSpec.swift in Sources */ = {isa = PBXBuildFile; fileRef = 7DEBD0F51F7EB59900842E2A /* DataEntryCellTypeSpec.swift */; };
		7DEBD0F81F7EBB9B00842E2A /* RealmSwift.framework in Frameworks */ = {isa = PBXBuildFile; fileRef = 7DEBD0B11F6E029A00842E2A /* RealmSwift.framework */; };
		7DEBD0F91F7EBB9D00842E2A /* Realm.framework in Frameworks */ = {isa = PBXBuildFile; fileRef = 7DEBD0AD1F6E029000842E2A /* Realm.framework */; };
		7DEBD0FC1F7ED29500842E2A /* StringExtensions.swift in Sources */ = {isa = PBXBuildFile; fileRef = 7DEBD0FB1F7ED29400842E2A /* StringExtensions.swift */; };
/* End PBXBuildFile section */

/* Begin PBXContainerItemProxy section */
		7DEBD0E61F7EAE2300842E2A /* PBXContainerItemProxy */ = {
			isa = PBXContainerItemProxy;
			containerPortal = 7DEBD08C1F6DDAD800842E2A /* Project object */;
			proxyType = 1;
			remoteGlobalIDString = 7DEBD0931F6DDAD800842E2A;
			remoteInfo = wildlifers;
		};
/* End PBXContainerItemProxy section */

/* Begin PBXCopyFilesBuildPhase section */
		7DEBD0B01F6E029000842E2A /* Embed Frameworks */ = {
			isa = PBXCopyFilesBuildPhase;
			buildActionMask = 2147483647;
			dstPath = "";
			dstSubfolderSpec = 10;
			files = (
				7DEBD0B31F6E029A00842E2A /* RealmSwift.framework in Embed Frameworks */,
				7DEBD0AF1F6E029000842E2A /* Realm.framework in Embed Frameworks */,
			);
			name = "Embed Frameworks";
			runOnlyForDeploymentPostprocessing = 0;
		};
		7DEBD0F01F7EAF0800842E2A /* CopyFiles */ = {
			isa = PBXCopyFilesBuildPhase;
			buildActionMask = 2147483647;
			dstPath = "";
			dstSubfolderSpec = 10;
			files = (
				7DEBD0F31F7EAF1E00842E2A /* Nimble.framework in CopyFiles */,
				7DEBD0F41F7EAF1E00842E2A /* Quick.framework in CopyFiles */,
			);
			runOnlyForDeploymentPostprocessing = 0;
		};
/* End PBXCopyFilesBuildPhase section */

/* Begin PBXFileReference section */
		7D7B82B21F9D00F5001DD42B /* CollectionViewRadioButton.swift */ = {isa = PBXFileReference; fileEncoding = 4; lastKnownFileType = sourcecode.swift; path = CollectionViewRadioButton.swift; sourceTree = "<group>"; };
		7DEBD0941F6DDAD800842E2A /* wildlifers.app */ = {isa = PBXFileReference; explicitFileType = wrapper.application; includeInIndex = 0; path = wildlifers.app; sourceTree = BUILT_PRODUCTS_DIR; };
		7DEBD0971F6DDAD800842E2A /* AppDelegate.swift */ = {isa = PBXFileReference; lastKnownFileType = sourcecode.swift; path = AppDelegate.swift; sourceTree = "<group>"; };
		7DEBD09E1F6DDAD800842E2A /* Assets.xcassets */ = {isa = PBXFileReference; lastKnownFileType = folder.assetcatalog; path = Assets.xcassets; sourceTree = "<group>"; };
		7DEBD0A11F6DDAD800842E2A /* Base */ = {isa = PBXFileReference; lastKnownFileType = file.storyboard; name = Base; path = Base.lproj/LaunchScreen.storyboard; sourceTree = "<group>"; };
		7DEBD0A31F6DDAD800842E2A /* Info.plist */ = {isa = PBXFileReference; lastKnownFileType = text.plist.xml; path = Info.plist; sourceTree = "<group>"; };
		7DEBD0A91F6DE2A800842E2A /* InitialViewController.swift */ = {isa = PBXFileReference; fileEncoding = 4; lastKnownFileType = sourcecode.swift; path = InitialViewController.swift; sourceTree = "<group>"; };
		7DEBD0AD1F6E029000842E2A /* Realm.framework */ = {isa = PBXFileReference; lastKnownFileType = wrapper.framework; path = Realm.framework; sourceTree = "<group>"; };
		7DEBD0B11F6E029A00842E2A /* RealmSwift.framework */ = {isa = PBXFileReference; lastKnownFileType = wrapper.framework; path = RealmSwift.framework; sourceTree = "<group>"; };
		7DEBD0B41F6E031C00842E2A /* RaptorNestActivity.swift */ = {isa = PBXFileReference; fileEncoding = 4; lastKnownFileType = sourcecode.swift; path = RaptorNestActivity.swift; sourceTree = "<group>"; };
		7DEBD0B91F6EE00C00842E2A /* DataEntryCellType.swift */ = {isa = PBXFileReference; fileEncoding = 4; lastKnownFileType = sourcecode.swift; path = DataEntryCellType.swift; sourceTree = "<group>"; };
		7DEBD0BB1F6F233D00842E2A /* DataEntryTableViewController.swift */ = {isa = PBXFileReference; fileEncoding = 4; lastKnownFileType = sourcecode.swift; path = DataEntryTableViewController.swift; sourceTree = "<group>"; };
		7DEBD0BD1F6F26D300842E2A /* DataEntryTablePresenter.swift */ = {isa = PBXFileReference; fileEncoding = 4; lastKnownFileType = sourcecode.swift; path = DataEntryTablePresenter.swift; sourceTree = "<group>"; };
		7DEBD0BF1F6F27F100842E2A /* SwitchEntryCell.swift */ = {isa = PBXFileReference; fileEncoding = 4; lastKnownFileType = sourcecode.swift; path = SwitchEntryCell.swift; sourceTree = "<group>"; };
		7DEBD0C21F6F281000842E2A /* TextEntryCell.swift */ = {isa = PBXFileReference; fileEncoding = 4; lastKnownFileType = sourcecode.swift; path = TextEntryCell.swift; sourceTree = "<group>"; };
		7DEBD0C41F6F282700842E2A /* LocationEntryCell.swift */ = {isa = PBXFileReference; fileEncoding = 4; lastKnownFileType = sourcecode.swift; path = LocationEntryCell.swift; sourceTree = "<group>"; };
		7DEBD0C61F6F284D00842E2A /* RadioButtonEntryCell.swift */ = {isa = PBXFileReference; fileEncoding = 4; lastKnownFileType = sourcecode.swift; path = RadioButtonEntryCell.swift; sourceTree = "<group>"; };
		7DEBD0C81F6F285600842E2A /* NumberEntryCell.swift */ = {isa = PBXFileReference; fileEncoding = 4; lastKnownFileType = sourcecode.swift; path = NumberEntryCell.swift; sourceTree = "<group>"; };
		7DEBD0CA1F6F299200842E2A /* SubdatumSegueCell.swift */ = {isa = PBXFileReference; fileEncoding = 4; lastKnownFileType = sourcecode.swift; path = SubdatumSegueCell.swift; sourceTree = "<group>"; };
		7DEBD0D01F785B4700842E2A /* Main.storyboard */ = {isa = PBXFileReference; fileEncoding = 4; lastKnownFileType = file.storyboard; path = Main.storyboard; sourceTree = "<group>"; };
		7DEBD0D81F79D72E00842E2A /* CommonData.swift */ = {isa = PBXFileReference; fileEncoding = 4; lastKnownFileType = sourcecode.swift; path = CommonData.swift; sourceTree = "<group>"; };
		7DEBD0DA1F7AB91400842E2A /* AvailableModels.swift */ = {isa = PBXFileReference; fileEncoding = 4; lastKnownFileType = sourcecode.swift; path = AvailableModels.swift; sourceTree = "<group>"; };
		7DEBD0E11F7EAE2200842E2A /* unitspecs.xctest */ = {isa = PBXFileReference; explicitFileType = wrapper.cfbundle; includeInIndex = 0; path = unitspecs.xctest; sourceTree = BUILT_PRODUCTS_DIR; };
		7DEBD0E51F7EAE2300842E2A /* Info.plist */ = {isa = PBXFileReference; lastKnownFileType = text.plist.xml; path = Info.plist; sourceTree = "<group>"; };
		7DEBD0EC1F7EAEED00842E2A /* Nimble.framework */ = {isa = PBXFileReference; lastKnownFileType = wrapper.framework; name = Nimble.framework; path = Carthage/Build/iOS/Nimble.framework; sourceTree = "<group>"; };
		7DEBD0ED1F7EAEED00842E2A /* Quick.framework */ = {isa = PBXFileReference; lastKnownFileType = wrapper.framework; name = Quick.framework; path = Carthage/Build/iOS/Quick.framework; sourceTree = "<group>"; };
		7DEBD0F11F7EAF1E00842E2A /* Nimble.framework */ = {isa = PBXFileReference; lastKnownFileType = wrapper.framework; name = Nimble.framework; path = Carthage/Build/iOS/Nimble.framework; sourceTree = "<group>"; };
		7DEBD0F21F7EAF1E00842E2A /* Quick.framework */ = {isa = PBXFileReference; lastKnownFileType = wrapper.framework; name = Quick.framework; path = Carthage/Build/iOS/Quick.framework; sourceTree = "<group>"; };
		7DEBD0F51F7EB59900842E2A /* DataEntryCellTypeSpec.swift */ = {isa = PBXFileReference; fileEncoding = 4; lastKnownFileType = sourcecode.swift; path = DataEntryCellTypeSpec.swift; sourceTree = "<group>"; };
		7DEBD0FB1F7ED29400842E2A /* StringExtensions.swift */ = {isa = PBXFileReference; fileEncoding = 4; lastKnownFileType = sourcecode.swift; path = StringExtensions.swift; sourceTree = "<group>"; };
/* End PBXFileReference section */

/* Begin PBXFrameworksBuildPhase section */
		7DEBD0911F6DDAD800842E2A /* Frameworks */ = {
			isa = PBXFrameworksBuildPhase;
			buildActionMask = 2147483647;
			files = (
				7DEBD0B21F6E029A00842E2A /* RealmSwift.framework in Frameworks */,
				7DEBD0AE1F6E029000842E2A /* Realm.framework in Frameworks */,
			);
			runOnlyForDeploymentPostprocessing = 0;
		};
		7DEBD0DE1F7EAE2200842E2A /* Frameworks */ = {
			isa = PBXFrameworksBuildPhase;
			buildActionMask = 2147483647;
			files = (
				7DEBD0EE1F7EAEED00842E2A /* Nimble.framework in Frameworks */,
				7DEBD0EF1F7EAEED00842E2A /* Quick.framework in Frameworks */,
				7DEBD0F81F7EBB9B00842E2A /* RealmSwift.framework in Frameworks */,
				7DEBD0F91F7EBB9D00842E2A /* Realm.framework in Frameworks */,
			);
			runOnlyForDeploymentPostprocessing = 0;
		};
/* End PBXFrameworksBuildPhase section */

/* Begin PBXGroup section */
		7DEBD08B1F6DDAD800842E2A = {
			isa = PBXGroup;
			children = (
				7DEBD0F11F7EAF1E00842E2A /* Nimble.framework */,
				7DEBD0F21F7EAF1E00842E2A /* Quick.framework */,
				7DEBD0B11F6E029A00842E2A /* RealmSwift.framework */,
				7DEBD0AD1F6E029000842E2A /* Realm.framework */,
				7DEBD0961F6DDAD800842E2A /* wildlifers */,
				7DEBD0E21F7EAE2300842E2A /* unitspecs */,
				7DEBD0951F6DDAD800842E2A /* Products */,
				7DEBD0EB1F7EAEED00842E2A /* Frameworks */,
			);
			sourceTree = "<group>";
		};
		7DEBD0951F6DDAD800842E2A /* Products */ = {
			isa = PBXGroup;
			children = (
				7DEBD0941F6DDAD800842E2A /* wildlifers.app */,
				7DEBD0E11F7EAE2200842E2A /* unitspecs.xctest */,
			);
			name = Products;
			sourceTree = "<group>";
		};
		7DEBD0961F6DDAD800842E2A /* wildlifers */ = {
			isa = PBXGroup;
			children = (
				7DEBD0FA1F7ED27600842E2A /* helpers & extensions */,
				7DEBD0D31F785D3B00842E2A /* presenters */,
				7DEBD0D21F785D2800842E2A /* viewcontrollers */,
				7DEBD0C11F6F27F700842E2A /* dataentrycells */,
				7DEBD0B61F6E032100842E2A /* models */,
				7DEBD0971F6DDAD800842E2A /* AppDelegate.swift */,
				7DEBD09E1F6DDAD800842E2A /* Assets.xcassets */,
				7DEBD0A01F6DDAD800842E2A /* LaunchScreen.storyboard */,
				7DEBD0A31F6DDAD800842E2A /* Info.plist */,
				7DEBD0D01F785B4700842E2A /* Main.storyboard */,
			);
			path = wildlifers;
			sourceTree = "<group>";
		};
		7DEBD0B61F6E032100842E2A /* models */ = {
			isa = PBXGroup;
			children = (
				7DEBD0B41F6E031C00842E2A /* RaptorNestActivity.swift */,
				7DEBD0DA1F7AB91400842E2A /* AvailableModels.swift */,
				7DEBD0B91F6EE00C00842E2A /* DataEntryCellType.swift */,
				7DEBD0D81F79D72E00842E2A /* CommonData.swift */,
			);
			name = models;
			sourceTree = "<group>";
		};
		7DEBD0C11F6F27F700842E2A /* dataentrycells */ = {
			isa = PBXGroup;
			children = (
				7DEBD0BF1F6F27F100842E2A /* SwitchEntryCell.swift */,
				7DEBD0C21F6F281000842E2A /* TextEntryCell.swift */,
				7DEBD0C41F6F282700842E2A /* LocationEntryCell.swift */,
				7DEBD0C61F6F284D00842E2A /* RadioButtonEntryCell.swift */,
				7DEBD0C81F6F285600842E2A /* NumberEntryCell.swift */,
				7DEBD0CA1F6F299200842E2A /* SubdatumSegueCell.swift */,
				7D7B82B21F9D00F5001DD42B /* CollectionViewRadioButton.swift */,
			);
			name = dataentrycells;
			sourceTree = "<group>";
		};
		7DEBD0D21F785D2800842E2A /* viewcontrollers */ = {
			isa = PBXGroup;
			children = (
				7DEBD0A91F6DE2A800842E2A /* InitialViewController.swift */,
				7DEBD0BB1F6F233D00842E2A /* DataEntryTableViewController.swift */,
			);
			name = viewcontrollers;
			sourceTree = "<group>";
		};
		7DEBD0D31F785D3B00842E2A /* presenters */ = {
			isa = PBXGroup;
			children = (
				7DEBD0BD1F6F26D300842E2A /* DataEntryTablePresenter.swift */,
			);
			name = presenters;
			sourceTree = "<group>";
		};
		7DEBD0E21F7EAE2300842E2A /* unitspecs */ = {
			isa = PBXGroup;
			children = (
				7DEBD0F71F7EB72F00842E2A /* models */,
				7DEBD0E51F7EAE2300842E2A /* Info.plist */,
			);
			path = unitspecs;
			sourceTree = "<group>";
		};
		7DEBD0EB1F7EAEED00842E2A /* Frameworks */ = {
			isa = PBXGroup;
			children = (
				7DEBD0EC1F7EAEED00842E2A /* Nimble.framework */,
				7DEBD0ED1F7EAEED00842E2A /* Quick.framework */,
			);
			name = Frameworks;
			sourceTree = "<group>";
		};
		7DEBD0F71F7EB72F00842E2A /* models */ = {
			isa = PBXGroup;
			children = (
				7DEBD0F51F7EB59900842E2A /* DataEntryCellTypeSpec.swift */,
			);
			name = models;
			sourceTree = "<group>";
		};
		7DEBD0FA1F7ED27600842E2A /* helpers & extensions */ = {
			isa = PBXGroup;
			children = (
				7DEBD0FB1F7ED29400842E2A /* StringExtensions.swift */,
			);
			name = "helpers & extensions";
			sourceTree = "<group>";
		};
/* End PBXGroup section */

/* Begin PBXNativeTarget section */
		7DEBD0931F6DDAD800842E2A /* wildlifers */ = {
			isa = PBXNativeTarget;
			buildConfigurationList = 7DEBD0A61F6DDAD800842E2A /* Build configuration list for PBXNativeTarget "wildlifers" */;
			buildPhases = (
				7DEBD0901F6DDAD800842E2A /* Sources */,
				7DEBD0911F6DDAD800842E2A /* Frameworks */,
				7DEBD0921F6DDAD800842E2A /* Resources */,
				7DEBD0B01F6E029000842E2A /* Embed Frameworks */,
			);
			buildRules = (
			);
			dependencies = (
			);
			name = wildlifers;
			productName = wildlifers;
			productReference = 7DEBD0941F6DDAD800842E2A /* wildlifers.app */;
			productType = "com.apple.product-type.application";
		};
		7DEBD0E01F7EAE2200842E2A /* unitspecs */ = {
			isa = PBXNativeTarget;
			buildConfigurationList = 7DEBD0E81F7EAE2300842E2A /* Build configuration list for PBXNativeTarget "unitspecs" */;
			buildPhases = (
				7DEBD0DD1F7EAE2200842E2A /* Sources */,
				7DEBD0DE1F7EAE2200842E2A /* Frameworks */,
				7DEBD0DF1F7EAE2200842E2A /* Resources */,
				7DEBD0F01F7EAF0800842E2A /* CopyFiles */,
			);
			buildRules = (
			);
			dependencies = (
				7DEBD0E71F7EAE2300842E2A /* PBXTargetDependency */,
			);
			name = unitspecs;
			productName = unitspecs;
			productReference = 7DEBD0E11F7EAE2200842E2A /* unitspecs.xctest */;
			productType = "com.apple.product-type.bundle.unit-test";
		};
/* End PBXNativeTarget section */

/* Begin PBXProject section */
		7DEBD08C1F6DDAD800842E2A /* Project object */ = {
			isa = PBXProject;
			attributes = {
				LastSwiftUpdateCheck = 0820;
				LastUpgradeCheck = 0820;
				ORGANIZATIONNAME = sashaheinen;
				TargetAttributes = {
					7DEBD0931F6DDAD800842E2A = {
						CreatedOnToolsVersion = 8.2.1;
						ProvisioningStyle = Automatic;
					};
					7DEBD0E01F7EAE2200842E2A = {
						CreatedOnToolsVersion = 8.2.1;
						ProvisioningStyle = Automatic;
						TestTargetID = 7DEBD0931F6DDAD800842E2A;
					};
				};
			};
			buildConfigurationList = 7DEBD08F1F6DDAD800842E2A /* Build configuration list for PBXProject "wildlifers" */;
			compatibilityVersion = "Xcode 3.2";
			developmentRegion = English;
			hasScannedForEncodings = 0;
			knownRegions = (
				en,
				Base,
			);
			mainGroup = 7DEBD08B1F6DDAD800842E2A;
			productRefGroup = 7DEBD0951F6DDAD800842E2A /* Products */;
			projectDirPath = "";
			projectRoot = "";
			targets = (
				7DEBD0931F6DDAD800842E2A /* wildlifers */,
				7DEBD0E01F7EAE2200842E2A /* unitspecs */,
			);
		};
/* End PBXProject section */

/* Begin PBXResourcesBuildPhase section */
		7DEBD0921F6DDAD800842E2A /* Resources */ = {
			isa = PBXResourcesBuildPhase;
			buildActionMask = 2147483647;
			files = (
				7DEBD0D11F785B4700842E2A /* Main.storyboard in Resources */,
				7DEBD0A21F6DDAD800842E2A /* LaunchScreen.storyboard in Resources */,
				7DEBD09F1F6DDAD800842E2A /* Assets.xcassets in Resources */,
			);
			runOnlyForDeploymentPostprocessing = 0;
		};
		7DEBD0DF1F7EAE2200842E2A /* Resources */ = {
			isa = PBXResourcesBuildPhase;
			buildActionMask = 2147483647;
			files = (
			);
			runOnlyForDeploymentPostprocessing = 0;
		};
/* End PBXResourcesBuildPhase section */

/* Begin PBXSourcesBuildPhase section */
		7DEBD0901F6DDAD800842E2A /* Sources */ = {
			isa = PBXSourcesBuildPhase;
			buildActionMask = 2147483647;
			files = (
				7DEBD0C91F6F285600842E2A /* NumberEntryCell.swift in Sources */,
				7DEBD0BA1F6EE00C00842E2A /* DataEntryCellType.swift in Sources */,
				7DEBD0BC1F6F233D00842E2A /* DataEntryTableViewController.swift in Sources */,
				7DEBD0C01F6F27F100842E2A /* SwitchEntryCell.swift in Sources */,
				7DEBD0C31F6F281000842E2A /* TextEntryCell.swift in Sources */,
				7DEBD0DB1F7AB91400842E2A /* AvailableModels.swift in Sources */,
				7D7B82B31F9D00F5001DD42B /* CollectionViewRadioButton.swift in Sources */,
				7DEBD0D91F79D72E00842E2A /* CommonData.swift in Sources */,
				7DEBD0BE1F6F26D300842E2A /* DataEntryTablePresenter.swift in Sources */,
				7DEBD0981F6DDAD800842E2A /* AppDelegate.swift in Sources */,
				7DEBD0B51F6E031C00842E2A /* RaptorNestActivity.swift in Sources */,
				7DEBD0CB1F6F299200842E2A /* SubdatumSegueCell.swift in Sources */,
				7DEBD0C51F6F282700842E2A /* LocationEntryCell.swift in Sources */,
				7DEBD0FC1F7ED29500842E2A /* StringExtensions.swift in Sources */,
				7DEBD0AA1F6DE2A800842E2A /* InitialViewController.swift in Sources */,
				7DEBD0C71F6F284D00842E2A /* RadioButtonEntryCell.swift in Sources */,
			);
			runOnlyForDeploymentPostprocessing = 0;
		};
		7DEBD0DD1F7EAE2200842E2A /* Sources */ = {
			isa = PBXSourcesBuildPhase;
			buildActionMask = 2147483647;
			files = (
				7DEBD0F61F7EB59900842E2A /* DataEntryCellTypeSpec.swift in Sources */,
			);
			runOnlyForDeploymentPostprocessing = 0;
		};
/* End PBXSourcesBuildPhase section */

/* Begin PBXTargetDependency section */
		7DEBD0E71F7EAE2300842E2A /* PBXTargetDependency */ = {
			isa = PBXTargetDependency;
			target = 7DEBD0931F6DDAD800842E2A /* wildlifers */;
			targetProxy = 7DEBD0E61F7EAE2300842E2A /* PBXContainerItemProxy */;
		};
/* End PBXTargetDependency section */

/* Begin PBXVariantGroup section */
		7DEBD0A01F6DDAD800842E2A /* LaunchScreen.storyboard */ = {
			isa = PBXVariantGroup;
			children = (
				7DEBD0A11F6DDAD800842E2A /* Base */,
			);
			name = LaunchScreen.storyboard;
			sourceTree = "<group>";
		};
/* End PBXVariantGroup section */

/* Begin XCBuildConfiguration section */
		7DEBD0A41F6DDAD800842E2A /* Debug */ = {
			isa = XCBuildConfiguration;
			buildSettings = {
				ALWAYS_SEARCH_USER_PATHS = NO;
				CLANG_ANALYZER_NONNULL = YES;
				CLANG_CXX_LANGUAGE_STANDARD = "gnu++0x";
				CLANG_CXX_LIBRARY = "libc++";
				CLANG_ENABLE_MODULES = YES;
				CLANG_ENABLE_OBJC_ARC = YES;
				CLANG_WARN_BOOL_CONVERSION = YES;
				CLANG_WARN_CONSTANT_CONVERSION = YES;
				CLANG_WARN_DIRECT_OBJC_ISA_USAGE = YES_ERROR;
				CLANG_WARN_DOCUMENTATION_COMMENTS = YES;
				CLANG_WARN_EMPTY_BODY = YES;
				CLANG_WARN_ENUM_CONVERSION = YES;
				CLANG_WARN_INFINITE_RECURSION = YES;
				CLANG_WARN_INT_CONVERSION = YES;
				CLANG_WARN_OBJC_ROOT_CLASS = YES_ERROR;
				CLANG_WARN_SUSPICIOUS_MOVE = YES;
				CLANG_WARN_UNREACHABLE_CODE = YES;
				CLANG_WARN__DUPLICATE_METHOD_MATCH = YES;
				"CODE_SIGN_IDENTITY[sdk=iphoneos*]" = "iPhone Developer";
				COPY_PHASE_STRIP = NO;
				DEBUG_INFORMATION_FORMAT = dwarf;
				ENABLE_STRICT_OBJC_MSGSEND = YES;
				ENABLE_TESTABILITY = YES;
				GCC_C_LANGUAGE_STANDARD = gnu99;
				GCC_DYNAMIC_NO_PIC = NO;
				GCC_NO_COMMON_BLOCKS = YES;
				GCC_OPTIMIZATION_LEVEL = 0;
				GCC_PREPROCESSOR_DEFINITIONS = (
					"DEBUG=1",
					"$(inherited)",
				);
				GCC_WARN_64_TO_32_BIT_CONVERSION = YES;
				GCC_WARN_ABOUT_RETURN_TYPE = YES_ERROR;
				GCC_WARN_UNDECLARED_SELECTOR = YES;
				GCC_WARN_UNINITIALIZED_AUTOS = YES_AGGRESSIVE;
				GCC_WARN_UNUSED_FUNCTION = YES;
				GCC_WARN_UNUSED_VARIABLE = YES;
				IPHONEOS_DEPLOYMENT_TARGET = 10.2;
				MTL_ENABLE_DEBUG_INFO = YES;
				ONLY_ACTIVE_ARCH = YES;
				SDKROOT = iphoneos;
				SWIFT_ACTIVE_COMPILATION_CONDITIONS = DEBUG;
				SWIFT_OPTIMIZATION_LEVEL = "-Onone";
				TARGETED_DEVICE_FAMILY = "1,2";
			};
			name = Debug;
		};
		7DEBD0A51F6DDAD800842E2A /* Release */ = {
			isa = XCBuildConfiguration;
			buildSettings = {
				ALWAYS_SEARCH_USER_PATHS = NO;
				CLANG_ANALYZER_NONNULL = YES;
				CLANG_CXX_LANGUAGE_STANDARD = "gnu++0x";
				CLANG_CXX_LIBRARY = "libc++";
				CLANG_ENABLE_MODULES = YES;
				CLANG_ENABLE_OBJC_ARC = YES;
				CLANG_WARN_BOOL_CONVERSION = YES;
				CLANG_WARN_CONSTANT_CONVERSION = YES;
				CLANG_WARN_DIRECT_OBJC_ISA_USAGE = YES_ERROR;
				CLANG_WARN_DOCUMENTATION_COMMENTS = YES;
				CLANG_WARN_EMPTY_BODY = YES;
				CLANG_WARN_ENUM_CONVERSION = YES;
				CLANG_WARN_INFINITE_RECURSION = YES;
				CLANG_WARN_INT_CONVERSION = YES;
				CLANG_WARN_OBJC_ROOT_CLASS = YES_ERROR;
				CLANG_WARN_SUSPICIOUS_MOVE = YES;
				CLANG_WARN_UNREACHABLE_CODE = YES;
				CLANG_WARN__DUPLICATE_METHOD_MATCH = YES;
				"CODE_SIGN_IDENTITY[sdk=iphoneos*]" = "iPhone Developer";
				COPY_PHASE_STRIP = NO;
				DEBUG_INFORMATION_FORMAT = "dwarf-with-dsym";
				ENABLE_NS_ASSERTIONS = NO;
				ENABLE_STRICT_OBJC_MSGSEND = YES;
				GCC_C_LANGUAGE_STANDARD = gnu99;
				GCC_NO_COMMON_BLOCKS = YES;
				GCC_WARN_64_TO_32_BIT_CONVERSION = YES;
				GCC_WARN_ABOUT_RETURN_TYPE = YES_ERROR;
				GCC_WARN_UNDECLARED_SELECTOR = YES;
				GCC_WARN_UNINITIALIZED_AUTOS = YES_AGGRESSIVE;
				GCC_WARN_UNUSED_FUNCTION = YES;
				GCC_WARN_UNUSED_VARIABLE = YES;
				IPHONEOS_DEPLOYMENT_TARGET = 10.2;
				MTL_ENABLE_DEBUG_INFO = NO;
				SDKROOT = iphoneos;
				SWIFT_OPTIMIZATION_LEVEL = "-Owholemodule";
				TARGETED_DEVICE_FAMILY = "1,2";
				VALIDATE_PRODUCT = YES;
			};
			name = Release;
		};
		7DEBD0A71F6DDAD800842E2A /* Debug */ = {
			isa = XCBuildConfiguration;
			buildSettings = {
				ASSETCATALOG_COMPILER_APPICON_NAME = AppIcon;
				FRAMEWORK_SEARCH_PATHS = (
					"$(inherited)",
					"$(PROJECT_DIR)",
				);
				INFOPLIST_FILE = wildlifers/Info.plist;
				LD_RUNPATH_SEARCH_PATHS = "$(inherited) @executable_path/Frameworks";
				PRODUCT_BUNDLE_IDENTIFIER = sh.wildlifers;
				PRODUCT_NAME = "$(TARGET_NAME)";
				SWIFT_VERSION = 3.0;
			};
			name = Debug;
		};
		7DEBD0A81F6DDAD800842E2A /* Release */ = {
			isa = XCBuildConfiguration;
			buildSettings = {
				ASSETCATALOG_COMPILER_APPICON_NAME = AppIcon;
				FRAMEWORK_SEARCH_PATHS = (
					"$(inherited)",
					"$(PROJECT_DIR)",
				);
				INFOPLIST_FILE = wildlifers/Info.plist;
				LD_RUNPATH_SEARCH_PATHS = "$(inherited) @executable_path/Frameworks";
				PRODUCT_BUNDLE_IDENTIFIER = sh.wildlifers;
				PRODUCT_NAME = "$(TARGET_NAME)";
				SWIFT_VERSION = 3.0;
			};
			name = Release;
		};
		7DEBD0E91F7EAE2300842E2A /* Debug */ = {
			isa = XCBuildConfiguration;
			buildSettings = {
				BUNDLE_LOADER = "$(TEST_HOST)";
				DEFINES_MODULE = YES;
				FRAMEWORK_SEARCH_PATHS = (
					"$(inherited)",
					"$(PROJECT_DIR)/Carthage/Build/iOS",
					"$(PROJECT_DIR)",
				);
				INFOPLIST_FILE = unitspecs/Info.plist;
				LD_RUNPATH_SEARCH_PATHS = "$(inherited) @executable_path/Frameworks @loader_path/Frameworks";
				PRODUCT_BUNDLE_IDENTIFIER = sh.unitspecs;
				PRODUCT_NAME = "$(TARGET_NAME)";
				SWIFT_VERSION = 3.0;
				TEST_HOST = "$(BUILT_PRODUCTS_DIR)/wildlifers.app/wildlifers";
			};
			name = Debug;
		};
		7DEBD0EA1F7EAE2300842E2A /* Release */ = {
			isa = XCBuildConfiguration;
			buildSettings = {
				BUNDLE_LOADER = "$(TEST_HOST)";
				DEFINES_MODULE = YES;
				FRAMEWORK_SEARCH_PATHS = (
					"$(inherited)",
					"$(PROJECT_DIR)/Carthage/Build/iOS",
					"$(PROJECT_DIR)",
				);
				INFOPLIST_FILE = unitspecs/Info.plist;
				LD_RUNPATH_SEARCH_PATHS = "$(inherited) @executable_path/Frameworks @loader_path/Frameworks";
				PRODUCT_BUNDLE_IDENTIFIER = sh.unitspecs;
				PRODUCT_NAME = "$(TARGET_NAME)";
				SWIFT_VERSION = 3.0;
				TEST_HOST = "$(BUILT_PRODUCTS_DIR)/wildlifers.app/wildlifers";
			};
			name = Release;
		};
/* End XCBuildConfiguration section */

/* Begin XCConfigurationList section */
		7DEBD08F1F6DDAD800842E2A /* Build configuration list for PBXProject "wildlifers" */ = {
			isa = XCConfigurationList;
			buildConfigurations = (
				7DEBD0A41F6DDAD800842E2A /* Debug */,
				7DEBD0A51F6DDAD800842E2A /* Release */,
			);
			defaultConfigurationIsVisible = 0;
			defaultConfigurationName = Release;
		};
		7DEBD0A61F6DDAD800842E2A /* Build configuration list for PBXNativeTarget "wildlifers" */ = {
			isa = XCConfigurationList;
			buildConfigurations = (
				7DEBD0A71F6DDAD800842E2A /* Debug */,
				7DEBD0A81F6DDAD800842E2A /* Release */,
			);
			defaultConfigurationIsVisible = 0;
			defaultConfigurationName = Release;
		};
		7DEBD0E81F7EAE2300842E2A /* Build configuration list for PBXNativeTarget "unitspecs" */ = {
			isa = XCConfigurationList;
			buildConfigurations = (
				7DEBD0E91F7EAE2300842E2A /* Debug */,
				7DEBD0EA1F7EAE2300842E2A /* Release */,
			);
			defaultConfigurationIsVisible = 0;
			defaultConfigurationName = Release;
		};
/* End XCConfigurationList section */
	};
	rootObject = 7DEBD08C1F6DDAD800842E2A /* Project object */;
}
